
Microsoft Visual Studio Solution File, Format Version 12.00
# Visual Studio 14
VisualStudioVersion = 14.0.25123.0
MinimumVisualStudioVersion = 10.0.40219.1
Project("{6EB6B00C-D79B-4699-9611-9219D5E30871}") = "Sitecore.Support.136023", "Sitecore.Support.136023\Sitecore.Support.136023.csproj", "{B3CF2718-0450-4696-B97F-1C8E274B49B4}"
EndProject
Global
	GlobalSection(SolutionConfigurationPlatforms) = preSolution
		Debug|Any CPU = Debug|Any CPU
		Release|Any CPU = Release|Any CPU
	EndGlobalSection
	GlobalSection(ProjectConfigurationPlatforms) = postSolution
		{B3CF2718-0450-4696-B97F-1C8E274B49B4}.Debug|Any CPU.ActiveCfg = Debug|Any CPU
		{B3CF2718-0450-4696-B97F-1C8E274B49B4}.Debug|Any CPU.Build.0 = Debug|Any CPU
		{B3CF2718-0450-4696-B97F-1C8E274B49B4}.Release|Any CPU.ActiveCfg = Release|Any CPU
		{B3CF2718-0450-4696-B97F-1C8E274B49B4}.Release|Any CPU.Build.0 = Release|Any CPU
	EndGlobalSection
	GlobalSection(SolutionProperties) = preSolution
		HideSolutionNode = FALSE
	EndGlobalSection
EndGlobal
